
Microsoft Visual Studio Solution File, Format Version 12.00
# Visual Studio 15
VisualStudioVersion = 15.0.28307.329
MinimumVisualStudioVersion = 10.0.40219.1
Project("{FAE04EC0-301F-11D3-BF4B-00C04F79EFBC}") = "DataBase", "DataBase\DataBase.csproj", "{CC9B60C3-74E5-4DD9-9CBC-A4A447A9EAC9}"
EndProject
Global
	GlobalSection(SolutionConfigurationPlatforms) = preSolution
		Debug|Any CPU = Debug|Any CPU
		Release|Any CPU = Release|Any CPU
	EndGlobalSection
	GlobalSection(ProjectConfigurationPlatforms) = postSolution
		{CC9B60C3-74E5-4DD9-9CBC-A4A447A9EAC9}.Debug|Any CPU.ActiveCfg = Debug|Any CPU
		{CC9B60C3-74E5-4DD9-9CBC-A4A447A9EAC9}.Debug|Any CPU.Build.0 = Debug|Any CPU
		{CC9B60C3-74E5-4DD9-9CBC-A4A447A9EAC9}.Release|Any CPU.ActiveCfg = Release|Any CPU
		{CC9B60C3-74E5-4DD9-9CBC-A4A447A9EAC9}.Release|Any CPU.Build.0 = Release|Any CPU
	EndGlobalSection
	GlobalSection(SolutionProperties) = preSolution
		HideSolutionNode = FALSE
	EndGlobalSection
	GlobalSection(ExtensibilityGlobals) = postSolution
		SolutionGuid = {53F6F442-BCF6-44B4-AE9C-96DEB6DD620C}
	EndGlobalSection
EndGlobal
